
Microsoft Visual Studio Solution File, Format Version 12.00
# Visual Studio 2013
VisualStudioVersion = 12.0.31101.0
MinimumVisualStudioVersion = 10.0.40219.1
Project("{FAE04EC0-301F-11D3-BF4B-00C04F79EFBC}") = "SomeProject", "SomeProject\SomeProject.csproj", "{79040EBF-5C86-45DA-9DBA-4A429D5F908A}"
EndProject
Project("{FAE04EC0-301F-11D3-BF4B-00C04F79EFBC}") = "SomeLibrary", "SomeLibrary\SomeLibrary.csproj", "{CAB44908-E6C3-4B6B-AF49-EC41F7F2DEC4}"
EndProject
Global
	GlobalSection(SolutionConfigurationPlatforms) = preSolution
		Debug|Any CPU = Debug|Any CPU
		Release|Any CPU = Release|Any CPU
	EndGlobalSection
	GlobalSection(ProjectConfigurationPlatforms) = postSolution
		{79040EBF-5C86-45DA-9DBA-4A429D5F908A}.Debug|Any CPU.ActiveCfg = Debug|Any CPU
		{79040EBF-5C86-45DA-9DBA-4A429D5F908A}.Debug|Any CPU.Build.0 = Debug|Any CPU
		{79040EBF-5C86-45DA-9DBA-4A429D5F908A}.Release|Any CPU.ActiveCfg = Release|Any CPU
		{79040EBF-5C86-45DA-9DBA-4A429D5F908A}.Release|Any CPU.Build.0 = Release|Any CPU
		{CAB44908-E6C3-4B6B-AF49-EC41F7F2DEC4}.Debug|Any CPU.ActiveCfg = Debug|Any CPU
		{CAB44908-E6C3-4B6B-AF49-EC41F7F2DEC4}.Debug|Any CPU.Build.0 = Debug|Any CPU
		{CAB44908-E6C3-4B6B-AF49-EC41F7F2DEC4}.Release|Any CPU.ActiveCfg = Release|Any CPU
		{CAB44908-E6C3-4B6B-AF49-EC41F7F2DEC4}.Release|Any CPU.Build.0 = Release|Any CPU
	EndGlobalSection
	GlobalSection(SolutionProperties) = preSolution
		HideSolutionNode = FALSE
	EndGlobalSection
EndGlobal
